
Microsoft Visual Studio Solution File, Format Version 11.00
# Visual Studio 2010
Project("{FAE04EC0-301F-11D3-BF4B-00C04F79EFBC}") = "Assembly-CSharp", "Assembly-CSharp.csproj", "{0a12addb-0b55-0b53-a7d5-ff1b2a17df83}"
EndProject
Project("{FAE04EC0-301F-11D3-BF4B-00C04F79EFBC}") = "Assembly-CSharp-firstpass", "Assembly-CSharp-firstpass.csproj", "{63339446-06c6-71dd-ff27-fe7289f08f5e}"
EndProject
Project("{FAE04EC0-301F-11D3-BF4B-00C04F79EFBC}") = "Assembly-CSharp-Editor", "Assembly-CSharp-Editor.csproj", "{abd55b0d-b195-d7b7-b9c8-f7d94e6bc8ce}"
EndProject
Global
	GlobalSection(SolutionConfigurationPlatforms) = preSolution
		Debug|Any CPU = Debug|Any CPU
	EndGlobalSection
	GlobalSection(ProjectConfigurationPlatforms) = postSolution
		{0a12addb-0b55-0b53-a7d5-ff1b2a17df83}.Debug|Any CPU.ActiveCfg = Debug|Any CPU
		{0a12addb-0b55-0b53-a7d5-ff1b2a17df83}.Debug|Any CPU.Build.0 = Debug|Any CPU
		{63339446-06c6-71dd-ff27-fe7289f08f5e}.Debug|Any CPU.ActiveCfg = Debug|Any CPU
		{63339446-06c6-71dd-ff27-fe7289f08f5e}.Debug|Any CPU.Build.0 = Debug|Any CPU
		{abd55b0d-b195-d7b7-b9c8-f7d94e6bc8ce}.Debug|Any CPU.ActiveCfg = Debug|Any CPU
		{abd55b0d-b195-d7b7-b9c8-f7d94e6bc8ce}.Debug|Any CPU.Build.0 = Debug|Any CPU
	EndGlobalSection
	GlobalSection(SolutionProperties) = preSolution
		HideSolutionNode = FALSE
	EndGlobalSection
EndGlobal
